
Microsoft Visual Studio Solution File, Format Version 12.00
# Visual Studio Version 17
VisualStudioVersion = 17.14.36429.23 d17.14
MinimumVisualStudioVersion = 10.0.40219.1
Project("{FAE04EC0-301F-11D3-BF4B-00C04F79EFBC}") = "Poo", "Poo\Poo.csproj", "{0254A4DB-D2A7-4E23-B5B7-F7A9FF0EEFC0}"
EndProject
Project("{FAE04EC0-301F-11D3-BF4B-00C04F79EFBC}") = "PooHerencia.core", "PooHerencia.core\PooHerencia.core.csproj", "{FFF0E4EF-755D-46A9-B404-BC3DDA344F9B}"
EndProject
Global
	GlobalSection(SolutionConfigurationPlatforms) = preSolution
		Debug|Any CPU = Debug|Any CPU
		Release|Any CPU = Release|Any CPU
	EndGlobalSection
	GlobalSection(ProjectConfigurationPlatforms) = postSolution
		{0254A4DB-D2A7-4E23-B5B7-F7A9FF0EEFC0}.Debug|Any CPU.ActiveCfg = Debug|Any CPU
		{0254A4DB-D2A7-4E23-B5B7-F7A9FF0EEFC0}.Debug|Any CPU.Build.0 = Debug|Any CPU
		{0254A4DB-D2A7-4E23-B5B7-F7A9FF0EEFC0}.Release|Any CPU.ActiveCfg = Release|Any CPU
		{0254A4DB-D2A7-4E23-B5B7-F7A9FF0EEFC0}.Release|Any CPU.Build.0 = Release|Any CPU
		{FFF0E4EF-755D-46A9-B404-BC3DDA344F9B}.Debug|Any CPU.ActiveCfg = Debug|Any CPU
		{FFF0E4EF-755D-46A9-B404-BC3DDA344F9B}.Debug|Any CPU.Build.0 = Debug|Any CPU
		{FFF0E4EF-755D-46A9-B404-BC3DDA344F9B}.Release|Any CPU.ActiveCfg = Release|Any CPU
		{FFF0E4EF-755D-46A9-B404-BC3DDA344F9B}.Release|Any CPU.Build.0 = Release|Any CPU
	EndGlobalSection
	GlobalSection(SolutionProperties) = preSolution
		HideSolutionNode = FALSE
	EndGlobalSection
	GlobalSection(ExtensibilityGlobals) = postSolution
		SolutionGuid = {57776318-E75C-463D-A6AE-6B228DE97375}
	EndGlobalSection
EndGlobal
